// !$*UTF8*$!
{
	archiveVersion = 1;
	classes = {
	};
	objectVersion = 56;
	objects = {

/* Begin PBXBuildFile section */
		FAF6F2352BEAAD6700D6DAC6 /* ToDoListSwiftApp.swift in Sources */ = {isa = PBXBuildFile; fileRef = FAF6F2342BEAAD6700D6DAC6 /* ToDoListSwiftApp.swift */; };
		FAF6F2372BEAAD6700D6DAC6 /* ContentView.swift in Sources */ = {isa = PBXBuildFile; fileRef = FAF6F2362BEAAD6700D6DAC6 /* ContentView.swift */; };
		FAF6F2392BEAAD6900D6DAC6 /* Assets.xcassets in Resources */ = {isa = PBXBuildFile; fileRef = FAF6F2382BEAAD6900D6DAC6 /* Assets.xcassets */; };
		FAF6F23C2BEAAD6900D6DAC6 /* Preview Assets.xcassets in Resources */ = {isa = PBXBuildFile; fileRef = FAF6F23B2BEAAD6900D6DAC6 /* Preview Assets.xcassets */; };
		FAF6F2472BEAAD6900D6DAC6 /* ToDoListSwiftTests.swift in Sources */ = {isa = PBXBuildFile; fileRef = FAF6F2462BEAAD6900D6DAC6 /* ToDoListSwiftTests.swift */; };
		FAF6F2512BEAAD6900D6DAC6 /* ToDoListSwiftUITests.swift in Sources */ = {isa = PBXBuildFile; fileRef = FAF6F2502BEAAD6900D6DAC6 /* ToDoListSwiftUITests.swift */; };
		FAF6F2532BEAAD6900D6DAC6 /* ToDoListSwiftUITestsLaunchTests.swift in Sources */ = {isa = PBXBuildFile; fileRef = FAF6F2522BEAAD6900D6DAC6 /* ToDoListSwiftUITestsLaunchTests.swift */; };
		FAF957412BEE51D000192200 /* GoogleService-Info.plist in Resources */ = {isa = PBXBuildFile; fileRef = FAF957402BEE51D000192200 /* GoogleService-Info.plist */; };
		FAF957442BEE541900192200 /* FirebaseAnalytics in Frameworks */ = {isa = PBXBuildFile; productRef = FAF957432BEE541900192200 /* FirebaseAnalytics */; };
		FAF957462BEE541900192200 /* FirebaseAuth in Frameworks */ = {isa = PBXBuildFile; productRef = FAF957452BEE541900192200 /* FirebaseAuth */; };
		FAF957482BEE541900192200 /* FirebaseFirestore in Frameworks */ = {isa = PBXBuildFile; productRef = FAF957472BEE541900192200 /* FirebaseFirestore */; };
		FAF9574A2BEE541900192200 /* FirebaseFirestoreSwift in Frameworks */ = {isa = PBXBuildFile; productRef = FAF957492BEE541900192200 /* FirebaseFirestoreSwift */; };
/* End PBXBuildFile section */

/* Begin PBXContainerItemProxy section */
		FAF6F2432BEAAD6900D6DAC6 /* PBXContainerItemProxy */ = {
			isa = PBXContainerItemProxy;
			containerPortal = FAF6F2292BEAAD6700D6DAC6 /* Project object */;
			proxyType = 1;
			remoteGlobalIDString = FAF6F2302BEAAD6700D6DAC6;
			remoteInfo = ToDoListSwift;
		};
		FAF6F24D2BEAAD6900D6DAC6 /* PBXContainerItemProxy */ = {
			isa = PBXContainerItemProxy;
			containerPortal = FAF6F2292BEAAD6700D6DAC6 /* Project object */;
			proxyType = 1;
			remoteGlobalIDString = FAF6F2302BEAAD6700D6DAC6;
			remoteInfo = ToDoListSwift;
		};
/* End PBXContainerItemProxy section */

/* Begin PBXFileReference section */
		FAF6F2312BEAAD6700D6DAC6 /* ToDoListSwift.app */ = {isa = PBXFileReference; explicitFileType = wrapper.application; includeInIndex = 0; path = ToDoListSwift.app; sourceTree = BUILT_PRODUCTS_DIR; };
		FAF6F2342BEAAD6700D6DAC6 /* ToDoListSwiftApp.swift */ = {isa = PBXFileReference; lastKnownFileType = sourcecode.swift; path = ToDoListSwiftApp.swift; sourceTree = "<group>"; };
		FAF6F2362BEAAD6700D6DAC6 /* ContentView.swift */ = {isa = PBXFileReference; lastKnownFileType = sourcecode.swift; path = ContentView.swift; sourceTree = "<group>"; };
		FAF6F2382BEAAD6900D6DAC6 /* Assets.xcassets */ = {isa = PBXFileReference; lastKnownFileType = folder.assetcatalog; path = Assets.xcassets; sourceTree = "<group>"; };
		FAF6F23B2BEAAD6900D6DAC6 /* Preview Assets.xcassets */ = {isa = PBXFileReference; lastKnownFileType = folder.assetcatalog; path = "Preview Assets.xcassets"; sourceTree = "<group>"; };
		FAF6F23D2BEAAD6900D6DAC6 /* ToDoListSwift.entitlements */ = {isa = PBXFileReference; lastKnownFileType = text.plist.entitlements; path = ToDoListSwift.entitlements; sourceTree = "<group>"; };
		FAF6F2422BEAAD6900D6DAC6 /* ToDoListSwiftTests.xctest */ = {isa = PBXFileReference; explicitFileType = wrapper.cfbundle; includeInIndex = 0; path = ToDoListSwiftTests.xctest; sourceTree = BUILT_PRODUCTS_DIR; };
		FAF6F2462BEAAD6900D6DAC6 /* ToDoListSwiftTests.swift */ = {isa = PBXFileReference; lastKnownFileType = sourcecode.swift; path = ToDoListSwiftTests.swift; sourceTree = "<group>"; };
		FAF6F24C2BEAAD6900D6DAC6 /* ToDoListSwiftUITests.xctest */ = {isa = PBXFileReference; explicitFileType = wrapper.cfbundle; includeInIndex = 0; path = ToDoListSwiftUITests.xctest; sourceTree = BUILT_PRODUCTS_DIR; };
		FAF6F2502BEAAD6900D6DAC6 /* ToDoListSwiftUITests.swift */ = {isa = PBXFileReference; lastKnownFileType = sourcecode.swift; path = ToDoListSwiftUITests.swift; sourceTree = "<group>"; };
		FAF6F2522BEAAD6900D6DAC6 /* ToDoListSwiftUITestsLaunchTests.swift */ = {isa = PBXFileReference; lastKnownFileType = sourcecode.swift; path = ToDoListSwiftUITestsLaunchTests.swift; sourceTree = "<group>"; };
		FAF957402BEE51D000192200 /* GoogleService-Info.plist */ = {isa = PBXFileReference; fileEncoding = 4; lastKnownFileType = text.plist.xml; path = "GoogleService-Info.plist"; sourceTree = "<group>"; };
/* End PBXFileReference section */

/* Begin PBXFrameworksBuildPhase section */
		FAF6F22E2BEAAD6700D6DAC6 /* Frameworks */ = {
			isa = PBXFrameworksBuildPhase;
			buildActionMask = 2147483647;
			files = (
				FAF957442BEE541900192200 /* FirebaseAnalytics in Frameworks */,
				FAF957462BEE541900192200 /* FirebaseAuth in Frameworks */,
				FAF957482BEE541900192200 /* FirebaseFirestore in Frameworks */,
				FAF9574A2BEE541900192200 /* FirebaseFirestoreSwift in Frameworks */,
			);
			runOnlyForDeploymentPostprocessing = 0;
		};
		FAF6F23F2BEAAD6900D6DAC6 /* Frameworks */ = {
			isa = PBXFrameworksBuildPhase;
			buildActionMask = 2147483647;
			files = (
			);
			runOnlyForDeploymentPostprocessing = 0;
		};
		FAF6F2492BEAAD6900D6DAC6 /* Frameworks */ = {
			isa = PBXFrameworksBuildPhase;
			buildActionMask = 2147483647;
			files = (
			);
			runOnlyForDeploymentPostprocessing = 0;
		};
/* End PBXFrameworksBuildPhase section */

/* Begin PBXGroup section */
		FA7A14B92BEFADE100D1A165 /* Views */ = {
			isa = PBXGroup;
			children = (
			);
			path = Views;
			sourceTree = "<group>";
		};
		FA7A14BA2BEFADF700D1A165 /* ViewModels */ = {
			isa = PBXGroup;
			children = (
			);
			path = ViewModels;
			sourceTree = "<group>";
		};
		FA7A14BB2BEFAE0700D1A165 /* Models */ = {
			isa = PBXGroup;
			children = (
			);
			path = Models;
			sourceTree = "<group>";
		};
		FA7A14BC2BEFAE2900D1A165 /* utils */ = {
			isa = PBXGroup;
			children = (
			);
			path = utils;
			sourceTree = "<group>";
		};
		FAF6F2282BEAAD6700D6DAC6 = {
			isa = PBXGroup;
			children = (
				FAF6F2332BEAAD6700D6DAC6 /* ToDoListSwift */,
				FAF6F2452BEAAD6900D6DAC6 /* ToDoListSwiftTests */,
				FAF6F24F2BEAAD6900D6DAC6 /* ToDoListSwiftUITests */,
				FAF6F2322BEAAD6700D6DAC6 /* Products */,
			);
			sourceTree = "<group>";
		};
		FAF6F2322BEAAD6700D6DAC6 /* Products */ = {
			isa = PBXGroup;
			children = (
				FAF6F2312BEAAD6700D6DAC6 /* ToDoListSwift.app */,
				FAF6F2422BEAAD6900D6DAC6 /* ToDoListSwiftTests.xctest */,
				FAF6F24C2BEAAD6900D6DAC6 /* ToDoListSwiftUITests.xctest */,
			);
			name = Products;
			sourceTree = "<group>";
		};
		FAF6F2332BEAAD6700D6DAC6 /* ToDoListSwift */ = {
			isa = PBXGroup;
			children = (
				FA7A14BC2BEFAE2900D1A165 /* utils */,
				FA7A14BB2BEFAE0700D1A165 /* Models */,
				FA7A14BA2BEFADF700D1A165 /* ViewModels */,
				FA7A14B92BEFADE100D1A165 /* Views */,
				FAF957402BEE51D000192200 /* GoogleService-Info.plist */,
				FAF6F2342BEAAD6700D6DAC6 /* ToDoListSwiftApp.swift */,
				FAF6F2362BEAAD6700D6DAC6 /* ContentView.swift */,
				FAF6F2382BEAAD6900D6DAC6 /* Assets.xcassets */,
				FAF6F23D2BEAAD6900D6DAC6 /* ToDoListSwift.entitlements */,
				FAF6F23A2BEAAD6900D6DAC6 /* Preview Content */,
			);
			path = ToDoListSwift;
			sourceTree = "<group>";
		};
		FAF6F23A2BEAAD6900D6DAC6 /* Preview Content */ = {
			isa = PBXGroup;
			children = (
				FAF6F23B2BEAAD6900D6DAC6 /* Preview Assets.xcassets */,
			);
			path = "Preview Content";
			sourceTree = "<group>";
		};
		FAF6F2452BEAAD6900D6DAC6 /* ToDoListSwiftTests */ = {
			isa = PBXGroup;
			children = (
				FAF6F2462BEAAD6900D6DAC6 /* ToDoListSwiftTests.swift */,
			);
			path = ToDoListSwiftTests;
			sourceTree = "<group>";
		};
		FAF6F24F2BEAAD6900D6DAC6 /* ToDoListSwiftUITests */ = {
			isa = PBXGroup;
			children = (
				FAF6F2502BEAAD6900D6DAC6 /* ToDoListSwiftUITests.swift */,
				FAF6F2522BEAAD6900D6DAC6 /* ToDoListSwiftUITestsLaunchTests.swift */,
			);
			path = ToDoListSwiftUITests;
			sourceTree = "<group>";
		};
/* End PBXGroup section */

/* Begin PBXNativeTarget section */
		FAF6F2302BEAAD6700D6DAC6 /* ToDoListSwift */ = {
			isa = PBXNativeTarget;
			buildConfigurationList = FAF6F2562BEAAD6900D6DAC6 /* Build configuration list for PBXNativeTarget "ToDoListSwift" */;
			buildPhases = (
				FAF6F22D2BEAAD6700D6DAC6 /* Sources */,
				FAF6F22E2BEAAD6700D6DAC6 /* Frameworks */,
				FAF6F22F2BEAAD6700D6DAC6 /* Resources */,
			);
			buildRules = (
			);
			dependencies = (
			);
			name = ToDoListSwift;
			packageProductDependencies = (
				FAF957432BEE541900192200 /* FirebaseAnalytics */,
				FAF957452BEE541900192200 /* FirebaseAuth */,
				FAF957472BEE541900192200 /* FirebaseFirestore */,
				FAF957492BEE541900192200 /* FirebaseFirestoreSwift */,
			);
			productName = ToDoListSwift;
			productReference = FAF6F2312BEAAD6700D6DAC6 /* ToDoListSwift.app */;
			productType = "com.apple.product-type.application";
		};
		FAF6F2412BEAAD6900D6DAC6 /* ToDoListSwiftTests */ = {
			isa = PBXNativeTarget;
			buildConfigurationList = FAF6F2592BEAAD6900D6DAC6 /* Build configuration list for PBXNativeTarget "ToDoListSwiftTests" */;
			buildPhases = (
				FAF6F23E2BEAAD6900D6DAC6 /* Sources */,
				FAF6F23F2BEAAD6900D6DAC6 /* Frameworks */,
				FAF6F2402BEAAD6900D6DAC6 /* Resources */,
			);
			buildRules = (
			);
			dependencies = (
				FAF6F2442BEAAD6900D6DAC6 /* PBXTargetDependency */,
			);
			name = ToDoListSwiftTests;
			productName = ToDoListSwiftTests;
			productReference = FAF6F2422BEAAD6900D6DAC6 /* ToDoListSwiftTests.xctest */;
			productType = "com.apple.product-type.bundle.unit-test";
		};
		FAF6F24B2BEAAD6900D6DAC6 /* ToDoListSwiftUITests */ = {
			isa = PBXNativeTarget;
			buildConfigurationList = FAF6F25C2BEAAD6900D6DAC6 /* Build configuration list for PBXNativeTarget "ToDoListSwiftUITests" */;
			buildPhases = (
				FAF6F2482BEAAD6900D6DAC6 /* Sources */,
				FAF6F2492BEAAD6900D6DAC6 /* Frameworks */,
				FAF6F24A2BEAAD6900D6DAC6 /* Resources */,
			);
			buildRules = (
			);
			dependencies = (
				FAF6F24E2BEAAD6900D6DAC6 /* PBXTargetDependency */,
			);
			name = ToDoListSwiftUITests;
			productName = ToDoListSwiftUITests;
			productReference = FAF6F24C2BEAAD6900D6DAC6 /* ToDoListSwiftUITests.xctest */;
			productType = "com.apple.product-type.bundle.ui-testing";
		};
/* End PBXNativeTarget section */

/* Begin PBXProject section */
		FAF6F2292BEAAD6700D6DAC6 /* Project object */ = {
			isa = PBXProject;
			attributes = {
				BuildIndependentTargetsInParallel = 1;
				LastSwiftUpdateCheck = 1530;
				LastUpgradeCheck = 1530;
				TargetAttributes = {
					FAF6F2302BEAAD6700D6DAC6 = {
						CreatedOnToolsVersion = 15.3;
					};
					FAF6F2412BEAAD6900D6DAC6 = {
						CreatedOnToolsVersion = 15.3;
						TestTargetID = FAF6F2302BEAAD6700D6DAC6;
					};
					FAF6F24B2BEAAD6900D6DAC6 = {
						CreatedOnToolsVersion = 15.3;
						TestTargetID = FAF6F2302BEAAD6700D6DAC6;
					};
				};
			};
			buildConfigurationList = FAF6F22C2BEAAD6700D6DAC6 /* Build configuration list for PBXProject "ToDoListSwift" */;
			compatibilityVersion = "Xcode 14.0";
			developmentRegion = en;
			hasScannedForEncodings = 0;
			knownRegions = (
				en,
				Base,
			);
			mainGroup = FAF6F2282BEAAD6700D6DAC6;
			packageReferences = (
				FAF957422BEE541900192200 /* XCRemoteSwiftPackageReference "firebase-ios-sdk" */,
			);
			productRefGroup = FAF6F2322BEAAD6700D6DAC6 /* Products */;
			projectDirPath = "";
			projectRoot = "";
			targets = (
				FAF6F2302BEAAD6700D6DAC6 /* ToDoListSwift */,
				FAF6F2412BEAAD6900D6DAC6 /* ToDoListSwiftTests */,
				FAF6F24B2BEAAD6900D6DAC6 /* ToDoListSwiftUITests */,
			);
		};
/* End PBXProject section */

/* Begin PBXResourcesBuildPhase section */
		FAF6F22F2BEAAD6700D6DAC6 /* Resources */ = {
			isa = PBXResourcesBuildPhase;
			buildActionMask = 2147483647;
			files = (
				FAF6F23C2BEAAD6900D6DAC6 /* Preview Assets.xcassets in Resources */,
				FAF6F2392BEAAD6900D6DAC6 /* Assets.xcassets in Resources */,
				FAF957412BEE51D000192200 /* GoogleService-Info.plist in Resources */,
			);
			runOnlyForDeploymentPostprocessing = 0;
		};
		FAF6F2402BEAAD6900D6DAC6 /* Resources */ = {
			isa = PBXResourcesBuildPhase;
			buildActionMask = 2147483647;
			files = (
			);
			runOnlyForDeploymentPostprocessing = 0;
		};
		FAF6F24A2BEAAD6900D6DAC6 /* Resources */ = {
			isa = PBXResourcesBuildPhase;
			buildActionMask = 2147483647;
			files = (
			);
			runOnlyForDeploymentPostprocessing = 0;
		};
/* End PBXResourcesBuildPhase section */

/* Begin PBXSourcesBuildPhase section */
		FAF6F22D2BEAAD6700D6DAC6 /* Sources */ = {
			isa = PBXSourcesBuildPhase;
			buildActionMask = 2147483647;
			files = (
				FAF6F2372BEAAD6700D6DAC6 /* ContentView.swift in Sources */,
				FAF6F2352BEAAD6700D6DAC6 /* ToDoListSwiftApp.swift in Sources */,
			);
			runOnlyForDeploymentPostprocessing = 0;
		};
		FAF6F23E2BEAAD6900D6DAC6 /* Sources */ = {
			isa = PBXSourcesBuildPhase;
			buildActionMask = 2147483647;
			files = (
				FAF6F2472BEAAD6900D6DAC6 /* ToDoListSwiftTests.swift in Sources */,
			);
			runOnlyForDeploymentPostprocessing = 0;
		};
		FAF6F2482BEAAD6900D6DAC6 /* Sources */ = {
			isa = PBXSourcesBuildPhase;
			buildActionMask = 2147483647;
			files = (
				FAF6F2532BEAAD6900D6DAC6 /* ToDoListSwiftUITestsLaunchTests.swift in Sources */,
				FAF6F2512BEAAD6900D6DAC6 /* ToDoListSwiftUITests.swift in Sources */,
			);
			runOnlyForDeploymentPostprocessing = 0;
		};
/* End PBXSourcesBuildPhase section */

/* Begin PBXTargetDependency section */
		FAF6F2442BEAAD6900D6DAC6 /* PBXTargetDependency */ = {
			isa = PBXTargetDependency;
			target = FAF6F2302BEAAD6700D6DAC6 /* ToDoListSwift */;
			targetProxy = FAF6F2432BEAAD6900D6DAC6 /* PBXContainerItemProxy */;
		};
		FAF6F24E2BEAAD6900D6DAC6 /* PBXTargetDependency */ = {
			isa = PBXTargetDependency;
			target = FAF6F2302BEAAD6700D6DAC6 /* ToDoListSwift */;
			targetProxy = FAF6F24D2BEAAD6900D6DAC6 /* PBXContainerItemProxy */;
		};
/* End PBXTargetDependency section */

/* Begin XCBuildConfiguration section */
		FAF6F2542BEAAD6900D6DAC6 /* Debug */ = {
			isa = XCBuildConfiguration;
			buildSettings = {
				ALWAYS_SEARCH_USER_PATHS = NO;
				ASSETCATALOG_COMPILER_GENERATE_SWIFT_ASSET_SYMBOL_EXTENSIONS = YES;
				CLANG_ANALYZER_NONNULL = YES;
				CLANG_ANALYZER_NUMBER_OBJECT_CONVERSION = YES_AGGRESSIVE;
				CLANG_CXX_LANGUAGE_STANDARD = "gnu++20";
				CLANG_ENABLE_MODULES = YES;
				CLANG_ENABLE_OBJC_ARC = YES;
				CLANG_ENABLE_OBJC_WEAK = YES;
				CLANG_WARN_BLOCK_CAPTURE_AUTORELEASING = YES;
				CLANG_WARN_BOOL_CONVERSION = YES;
				CLANG_WARN_COMMA = YES;
				CLANG_WARN_CONSTANT_CONVERSION = YES;
				CLANG_WARN_DEPRECATED_OBJC_IMPLEMENTATIONS = YES;
				CLANG_WARN_DIRECT_OBJC_ISA_USAGE = YES_ERROR;
				CLANG_WARN_DOCUMENTATION_COMMENTS = YES;
				CLANG_WARN_EMPTY_BODY = YES;
				CLANG_WARN_ENUM_CONVERSION = YES;
				CLANG_WARN_INFINITE_RECURSION = YES;
				CLANG_WARN_INT_CONVERSION = YES;
				CLANG_WARN_NON_LITERAL_NULL_CONVERSION = YES;
				CLANG_WARN_OBJC_IMPLICIT_RETAIN_SELF = YES;
				CLANG_WARN_OBJC_LITERAL_CONVERSION = YES;
				CLANG_WARN_OBJC_ROOT_CLASS = YES_ERROR;
				CLANG_WARN_QUOTED_INCLUDE_IN_FRAMEWORK_HEADER = YES;
				CLANG_WARN_RANGE_LOOP_ANALYSIS = YES;
				CLANG_WARN_STRICT_PROTOTYPES = YES;
				CLANG_WARN_SUSPICIOUS_MOVE = YES;
				CLANG_WARN_UNGUARDED_AVAILABILITY = YES_AGGRESSIVE;
				CLANG_WARN_UNREACHABLE_CODE = YES;
				CLANG_WARN__DUPLICATE_METHOD_MATCH = YES;
				COPY_PHASE_STRIP = NO;
				DEBUG_INFORMATION_FORMAT = dwarf;
				ENABLE_STRICT_OBJC_MSGSEND = YES;
				ENABLE_TESTABILITY = YES;
				ENABLE_USER_SCRIPT_SANDBOXING = YES;
				GCC_C_LANGUAGE_STANDARD = gnu17;
				GCC_DYNAMIC_NO_PIC = NO;
				GCC_NO_COMMON_BLOCKS = YES;
				GCC_OPTIMIZATION_LEVEL = 0;
				GCC_PREPROCESSOR_DEFINITIONS = (
					"DEBUG=1",
					"$(inherited)",
				);
				GCC_WARN_64_TO_32_BIT_CONVERSION = YES;
				GCC_WARN_ABOUT_RETURN_TYPE = YES_ERROR;
				GCC_WARN_UNDECLARED_SELECTOR = YES;
				GCC_WARN_UNINITIALIZED_AUTOS = YES_AGGRESSIVE;
				GCC_WARN_UNUSED_FUNCTION = YES;
				GCC_WARN_UNUSED_VARIABLE = YES;
				LOCALIZATION_PREFERS_STRING_CATALOGS = YES;
				MACOSX_DEPLOYMENT_TARGET = 14.4;
				MTL_ENABLE_DEBUG_INFO = INCLUDE_SOURCE;
				MTL_FAST_MATH = YES;
				ONLY_ACTIVE_ARCH = YES;
				SDKROOT = macosx;
				SWIFT_ACTIVE_COMPILATION_CONDITIONS = "DEBUG $(inherited)";
				SWIFT_OPTIMIZATION_LEVEL = "-Onone";
			};
			name = Debug;
		};
		FAF6F2552BEAAD6900D6DAC6 /* Release */ = {
			isa = XCBuildConfiguration;
			buildSettings = {
				ALWAYS_SEARCH_USER_PATHS = NO;
				ASSETCATALOG_COMPILER_GENERATE_SWIFT_ASSET_SYMBOL_EXTENSIONS = YES;
				CLANG_ANALYZER_NONNULL = YES;
				CLANG_ANALYZER_NUMBER_OBJECT_CONVERSION = YES_AGGRESSIVE;
				CLANG_CXX_LANGUAGE_STANDARD = "gnu++20";
				CLANG_ENABLE_MODULES = YES;
				CLANG_ENABLE_OBJC_ARC = YES;
				CLANG_ENABLE_OBJC_WEAK = YES;
				CLANG_WARN_BLOCK_CAPTURE_AUTORELEASING = YES;
				CLANG_WARN_BOOL_CONVERSION = YES;
				CLANG_WARN_COMMA = YES;
				CLANG_WARN_CONSTANT_CONVERSION = YES;
				CLANG_WARN_DEPRECATED_OBJC_IMPLEMENTATIONS = YES;
				CLANG_WARN_DIRECT_OBJC_ISA_USAGE = YES_ERROR;
				CLANG_WARN_DOCUMENTATION_COMMENTS = YES;
				CLANG_WARN_EMPTY_BODY = YES;
				CLANG_WARN_ENUM_CONVERSION = YES;
				CLANG_WARN_INFINITE_RECURSION = YES;
				CLANG_WARN_INT_CONVERSION = YES;
				CLANG_WARN_NON_LITERAL_NULL_CONVERSION = YES;
				CLANG_WARN_OBJC_IMPLICIT_RETAIN_SELF = YES;
				CLANG_WARN_OBJC_LITERAL_CONVERSION = YES;
				CLANG_WARN_OBJC_ROOT_CLASS = YES_ERROR;
				CLANG_WARN_QUOTED_INCLUDE_IN_FRAMEWORK_HEADER = YES;
				CLANG_WARN_RANGE_LOOP_ANALYSIS = YES;
				CLANG_WARN_STRICT_PROTOTYPES = YES;
				CLANG_WARN_SUSPICIOUS_MOVE = YES;
				CLANG_WARN_UNGUARDED_AVAILABILITY = YES_AGGRESSIVE;
				CLANG_WARN_UNREACHABLE_CODE = YES;
				CLANG_WARN__DUPLICATE_METHOD_MATCH = YES;
				COPY_PHASE_STRIP = NO;
				DEBUG_INFORMATION_FORMAT = "dwarf-with-dsym";
				ENABLE_NS_ASSERTIONS = NO;
				ENABLE_STRICT_OBJC_MSGSEND = YES;
				ENABLE_USER_SCRIPT_SANDBOXING = YES;
				GCC_C_LANGUAGE_STANDARD = gnu17;
				GCC_NO_COMMON_BLOCKS = YES;
				GCC_WARN_64_TO_32_BIT_CONVERSION = YES;
				GCC_WARN_ABOUT_RETURN_TYPE = YES_ERROR;
				GCC_WARN_UNDECLARED_SELECTOR = YES;
				GCC_WARN_UNINITIALIZED_AUTOS = YES_AGGRESSIVE;
				GCC_WARN_UNUSED_FUNCTION = YES;
				GCC_WARN_UNUSED_VARIABLE = YES;
				LOCALIZATION_PREFERS_STRING_CATALOGS = YES;
				MACOSX_DEPLOYMENT_TARGET = 14.4;
				MTL_ENABLE_DEBUG_INFO = NO;
				MTL_FAST_MATH = YES;
				SDKROOT = macosx;
				SWIFT_COMPILATION_MODE = wholemodule;
			};
			name = Release;
		};
		FAF6F2572BEAAD6900D6DAC6 /* Debug */ = {
			isa = XCBuildConfiguration;
			buildSettings = {
				ASSETCATALOG_COMPILER_APPICON_NAME = AppIcon;
				ASSETCATALOG_COMPILER_GLOBAL_ACCENT_COLOR_NAME = AccentColor;
				CODE_SIGN_ENTITLEMENTS = ToDoListSwift/ToDoListSwift.entitlements;
				CODE_SIGN_STYLE = Automatic;
				COMBINE_HIDPI_IMAGES = YES;
				CURRENT_PROJECT_VERSION = 1;
				DEVELOPMENT_ASSET_PATHS = "\"ToDoListSwift/Preview Content\"";
				DEVELOPMENT_TEAM = WL2KNG8MVT;
				ENABLE_HARDENED_RUNTIME = YES;
				ENABLE_PREVIEWS = YES;
				GENERATE_INFOPLIST_FILE = YES;
				INFOPLIST_KEY_CFBundleDisplayName = "To Do List";
				INFOPLIST_KEY_NSHumanReadableCopyright = "";
				LD_RUNPATH_SEARCH_PATHS = (
					"$(inherited)",
					"@executable_path/../Frameworks",
				);
				MARKETING_VERSION = 1.0;
				PRODUCT_BUNDLE_IDENTIFIER = BokenRadio.com.ToDoListSwift;
				PRODUCT_NAME = "$(TARGET_NAME)";
				SWIFT_EMIT_LOC_STRINGS = YES;
				SWIFT_VERSION = 5.0;
			};
			name = Debug;
		};
		FAF6F2582BEAAD6900D6DAC6 /* Release */ = {
			isa = XCBuildConfiguration;
			buildSettings = {
				ASSETCATALOG_COMPILER_APPICON_NAME = AppIcon;
				ASSETCATALOG_COMPILER_GLOBAL_ACCENT_COLOR_NAME = AccentColor;
				CODE_SIGN_ENTITLEMENTS = ToDoListSwift/ToDoListSwift.entitlements;
				CODE_SIGN_STYLE = Automatic;
				COMBINE_HIDPI_IMAGES = YES;
				CURRENT_PROJECT_VERSION = 1;
				DEVELOPMENT_ASSET_PATHS = "\"ToDoListSwift/Preview Content\"";
				DEVELOPMENT_TEAM = WL2KNG8MVT;
				ENABLE_HARDENED_RUNTIME = YES;
				ENABLE_PREVIEWS = YES;
				GENERATE_INFOPLIST_FILE = YES;
				INFOPLIST_KEY_CFBundleDisplayName = "To Do List";
				INFOPLIST_KEY_NSHumanReadableCopyright = "";
				LD_RUNPATH_SEARCH_PATHS = (
					"$(inherited)",
					"@executable_path/../Frameworks",
				);
				MARKETING_VERSION = 1.0;
				PRODUCT_BUNDLE_IDENTIFIER = BokenRadio.com.ToDoListSwift;
				PRODUCT_NAME = "$(TARGET_NAME)";
				SWIFT_EMIT_LOC_STRINGS = YES;
				SWIFT_VERSION = 5.0;
			};
			name = Release;
		};
		FAF6F25A2BEAAD6900D6DAC6 /* Debug */ = {
			isa = XCBuildConfiguration;
			buildSettings = {
				ALWAYS_EMBED_SWIFT_STANDARD_LIBRARIES = YES;
				BUNDLE_LOADER = "$(TEST_HOST)";
				CODE_SIGN_STYLE = Automatic;
				CURRENT_PROJECT_VERSION = 1;
				DEVELOPMENT_TEAM = WL2KNG8MVT;
				GENERATE_INFOPLIST_FILE = YES;
				MACOSX_DEPLOYMENT_TARGET = 14.4;
				MARKETING_VERSION = 1.0;
				PRODUCT_BUNDLE_IDENTIFIER = BokenRadio.com.ToDoListSwiftTests;
				PRODUCT_NAME = "$(TARGET_NAME)";
				SWIFT_EMIT_LOC_STRINGS = NO;
				SWIFT_VERSION = 5.0;
				TEST_HOST = "$(BUILT_PRODUCTS_DIR)/ToDoListSwift.app/$(BUNDLE_EXECUTABLE_FOLDER_PATH)/ToDoListSwift";
			};
			name = Debug;
		};
		FAF6F25B2BEAAD6900D6DAC6 /* Release */ = {
			isa = XCBuildConfiguration;
			buildSettings = {
				ALWAYS_EMBED_SWIFT_STANDARD_LIBRARIES = YES;
				BUNDLE_LOADER = "$(TEST_HOST)";
				CODE_SIGN_STYLE = Automatic;
				CURRENT_PROJECT_VERSION = 1;
				DEVELOPMENT_TEAM = WL2KNG8MVT;
				GENERATE_INFOPLIST_FILE = YES;
				MACOSX_DEPLOYMENT_TARGET = 14.4;
				MARKETING_VERSION = 1.0;
				PRODUCT_BUNDLE_IDENTIFIER = BokenRadio.com.ToDoListSwiftTests;
				PRODUCT_NAME = "$(TARGET_NAME)";
				SWIFT_EMIT_LOC_STRINGS = NO;
				SWIFT_VERSION = 5.0;
				TEST_HOST = "$(BUILT_PRODUCTS_DIR)/ToDoListSwift.app/$(BUNDLE_EXECUTABLE_FOLDER_PATH)/ToDoListSwift";
			};
			name = Release;
		};
		FAF6F25D2BEAAD6900D6DAC6 /* Debug */ = {
			isa = XCBuildConfiguration;
			buildSettings = {
				ALWAYS_EMBED_SWIFT_STANDARD_LIBRARIES = YES;
				CODE_SIGN_STYLE = Automatic;
				CURRENT_PROJECT_VERSION = 1;
				DEVELOPMENT_TEAM = WL2KNG8MVT;
				GENERATE_INFOPLIST_FILE = YES;
				MARKETING_VERSION = 1.0;
				PRODUCT_BUNDLE_IDENTIFIER = BokenRadio.com.ToDoListSwiftUITests;
				PRODUCT_NAME = "$(TARGET_NAME)";
				SWIFT_EMIT_LOC_STRINGS = NO;
				SWIFT_VERSION = 5.0;
				TEST_TARGET_NAME = ToDoListSwift;
			};
			name = Debug;
		};
		FAF6F25E2BEAAD6900D6DAC6 /* Release */ = {
			isa = XCBuildConfiguration;
			buildSettings = {
				ALWAYS_EMBED_SWIFT_STANDARD_LIBRARIES = YES;
				CODE_SIGN_STYLE = Automatic;
				CURRENT_PROJECT_VERSION = 1;
				DEVELOPMENT_TEAM = WL2KNG8MVT;
				GENERATE_INFOPLIST_FILE = YES;
				MARKETING_VERSION = 1.0;
				PRODUCT_BUNDLE_IDENTIFIER = BokenRadio.com.ToDoListSwiftUITests;
				PRODUCT_NAME = "$(TARGET_NAME)";
				SWIFT_EMIT_LOC_STRINGS = NO;
				SWIFT_VERSION = 5.0;
				TEST_TARGET_NAME = ToDoListSwift;
			};
			name = Release;
		};
/* End XCBuildConfiguration section */

/* Begin XCConfigurationList section */
		FAF6F22C2BEAAD6700D6DAC6 /* Build configuration list for PBXProject "ToDoListSwift" */ = {
			isa = XCConfigurationList;
			buildConfigurations = (
				FAF6F2542BEAAD6900D6DAC6 /* Debug */,
				FAF6F2552BEAAD6900D6DAC6 /* Release */,
			);
			defaultConfigurationIsVisible = 0;
			defaultConfigurationName = Release;
		};
		FAF6F2562BEAAD6900D6DAC6 /* Build configuration list for PBXNativeTarget "ToDoListSwift" */ = {
			isa = XCConfigurationList;
			buildConfigurations = (
				FAF6F2572BEAAD6900D6DAC6 /* Debug */,
				FAF6F2582BEAAD6900D6DAC6 /* Release */,
			);
			defaultConfigurationIsVisible = 0;
			defaultConfigurationName = Release;
		};
		FAF6F2592BEAAD6900D6DAC6 /* Build configuration list for PBXNativeTarget "ToDoListSwiftTests" */ = {
			isa = XCConfigurationList;
			buildConfigurations = (
				FAF6F25A2BEAAD6900D6DAC6 /* Debug */,
				FAF6F25B2BEAAD6900D6DAC6 /* Release */,
			);
			defaultConfigurationIsVisible = 0;
			defaultConfigurationName = Release;
		};
		FAF6F25C2BEAAD6900D6DAC6 /* Build configuration list for PBXNativeTarget "ToDoListSwiftUITests" */ = {
			isa = XCConfigurationList;
			buildConfigurations = (
				FAF6F25D2BEAAD6900D6DAC6 /* Debug */,
				FAF6F25E2BEAAD6900D6DAC6 /* Release */,
			);
			defaultConfigurationIsVisible = 0;
			defaultConfigurationName = Release;
		};
/* End XCConfigurationList section */

/* Begin XCRemoteSwiftPackageReference section */
		FAF957422BEE541900192200 /* XCRemoteSwiftPackageReference "firebase-ios-sdk" */ = {
			isa = XCRemoteSwiftPackageReference;
			repositoryURL = "https://github.com/firebase/firebase-ios-sdk";
			requirement = {
				kind = upToNextMajorVersion;
				minimumVersion = 10.25.0;
			};
		};
/* End XCRemoteSwiftPackageReference section */

/* Begin XCSwiftPackageProductDependency section */
		FAF957432BEE541900192200 /* FirebaseAnalytics */ = {
			isa = XCSwiftPackageProductDependency;
			package = FAF957422BEE541900192200 /* XCRemoteSwiftPackageReference "firebase-ios-sdk" */;
			productName = FirebaseAnalytics;
		};
		FAF957452BEE541900192200 /* FirebaseAuth */ = {
			isa = XCSwiftPackageProductDependency;
			package = FAF957422BEE541900192200 /* XCRemoteSwiftPackageReference "firebase-ios-sdk" */;
			productName = FirebaseAuth;
		};
		FAF957472BEE541900192200 /* FirebaseFirestore */ = {
			isa = XCSwiftPackageProductDependency;
			package = FAF957422BEE541900192200 /* XCRemoteSwiftPackageReference "firebase-ios-sdk" */;
			productName = FirebaseFirestore;
		};
		FAF957492BEE541900192200 /* FirebaseFirestoreSwift */ = {
			isa = XCSwiftPackageProductDependency;
			package = FAF957422BEE541900192200 /* XCRemoteSwiftPackageReference "firebase-ios-sdk" */;
			productName = FirebaseFirestoreSwift;
		};
/* End XCSwiftPackageProductDependency section */
	};
	rootObject = FAF6F2292BEAAD6700D6DAC6 /* Project object */;
}
